
Microsoft Visual Studio Solution File, Format Version 12.00
# Visual Studio Version 16
VisualStudioVersion = 16.0.31321.278
MinimumVisualStudioVersion = 10.0.40219.1
Project("{FAE04EC0-301F-11D3-BF4B-00C04F79EFBC}") = "part2", "part2\part2.csproj", "{B0AD6EA4-9245-45C3-B4DF-179AD3C07CF8}"
EndProject
Project("{9A19103F-16F7-4668-BE54-9A1E7A4F7556}") = "oneDimensionalArray", "oneDimensionalArray\oneDimensionalArray.csproj", "{BE6400D9-AAAD-43DD-80B5-E3D4FDACD7D9}"
EndProject
Project("{9A19103F-16F7-4668-BE54-9A1E7A4F7556}") = "tableReservation", "tableReservation\tableReservation.csproj", "{751103EE-352C-4ECD-8AA7-C589B62278D0}"
EndProject
Project("{9A19103F-16F7-4668-BE54-9A1E7A4F7556}") = "massiveDz", "massiveDz\massiveDz.csproj", "{804A7DDB-6F59-49D0-A026-4DBCCEAEAD75}"
EndProject
Project("{9A19103F-16F7-4668-BE54-9A1E7A4F7556}") = "massiveReverse", "massiveReverse\massiveReverse.csproj", "{145D251F-D763-491A-8669-4EBD303AB907}"
EndProject
Project("{FAE04EC0-301F-11D3-BF4B-00C04F79EFBC}") = "sumOfEvenNumbersInTheArray", "sumOfEvenNumbersInTheArray\sumOfEvenNumbersInTheArray.csproj", "{7B408A1F-C8D8-48D2-B61B-09E51AB91583}"
EndProject
Project("{FAE04EC0-301F-11D3-BF4B-00C04F79EFBC}") = "findTheSmallestNumberInTheArray", "findTheSmallestNumberInTheArray\findTheSmallestNumberInTheArray.csproj", "{2E47C5B5-2655-48F1-9024-ACC3D2A2FFD0}"
EndProject
Global
	GlobalSection(SolutionConfigurationPlatforms) = preSolution
		Debug|Any CPU = Debug|Any CPU
		Release|Any CPU = Release|Any CPU
	EndGlobalSection
	GlobalSection(ProjectConfigurationPlatforms) = postSolution
		{B0AD6EA4-9245-45C3-B4DF-179AD3C07CF8}.Debug|Any CPU.ActiveCfg = Debug|Any CPU
		{B0AD6EA4-9245-45C3-B4DF-179AD3C07CF8}.Debug|Any CPU.Build.0 = Debug|Any CPU
		{B0AD6EA4-9245-45C3-B4DF-179AD3C07CF8}.Release|Any CPU.ActiveCfg = Release|Any CPU
		{B0AD6EA4-9245-45C3-B4DF-179AD3C07CF8}.Release|Any CPU.Build.0 = Release|Any CPU
		{BE6400D9-AAAD-43DD-80B5-E3D4FDACD7D9}.Debug|Any CPU.ActiveCfg = Debug|Any CPU
		{BE6400D9-AAAD-43DD-80B5-E3D4FDACD7D9}.Debug|Any CPU.Build.0 = Debug|Any CPU
		{BE6400D9-AAAD-43DD-80B5-E3D4FDACD7D9}.Release|Any CPU.ActiveCfg = Release|Any CPU
		{BE6400D9-AAAD-43DD-80B5-E3D4FDACD7D9}.Release|Any CPU.Build.0 = Release|Any CPU
		{751103EE-352C-4ECD-8AA7-C589B62278D0}.Debug|Any CPU.ActiveCfg = Debug|Any CPU
		{751103EE-352C-4ECD-8AA7-C589B62278D0}.Debug|Any CPU.Build.0 = Debug|Any CPU
		{751103EE-352C-4ECD-8AA7-C589B62278D0}.Release|Any CPU.ActiveCfg = Release|Any CPU
		{751103EE-352C-4ECD-8AA7-C589B62278D0}.Release|Any CPU.Build.0 = Release|Any CPU
		{804A7DDB-6F59-49D0-A026-4DBCCEAEAD75}.Debug|Any CPU.ActiveCfg = Debug|Any CPU
		{804A7DDB-6F59-49D0-A026-4DBCCEAEAD75}.Debug|Any CPU.Build.0 = Debug|Any CPU
		{804A7DDB-6F59-49D0-A026-4DBCCEAEAD75}.Release|Any CPU.ActiveCfg = Release|Any CPU
		{804A7DDB-6F59-49D0-A026-4DBCCEAEAD75}.Release|Any CPU.Build.0 = Release|Any CPU
		{145D251F-D763-491A-8669-4EBD303AB907}.Debug|Any CPU.ActiveCfg = Debug|Any CPU
		{145D251F-D763-491A-8669-4EBD303AB907}.Debug|Any CPU.Build.0 = Debug|Any CPU
		{145D251F-D763-491A-8669-4EBD303AB907}.Release|Any CPU.ActiveCfg = Release|Any CPU
		{145D251F-D763-491A-8669-4EBD303AB907}.Release|Any CPU.Build.0 = Release|Any CPU
		{7B408A1F-C8D8-48D2-B61B-09E51AB91583}.Debug|Any CPU.ActiveCfg = Debug|Any CPU
		{7B408A1F-C8D8-48D2-B61B-09E51AB91583}.Debug|Any CPU.Build.0 = Debug|Any CPU
		{7B408A1F-C8D8-48D2-B61B-09E51AB91583}.Release|Any CPU.ActiveCfg = Release|Any CPU
		{7B408A1F-C8D8-48D2-B61B-09E51AB91583}.Release|Any CPU.Build.0 = Release|Any CPU
		{2E47C5B5-2655-48F1-9024-ACC3D2A2FFD0}.Debug|Any CPU.ActiveCfg = Debug|Any CPU
		{2E47C5B5-2655-48F1-9024-ACC3D2A2FFD0}.Debug|Any CPU.Build.0 = Debug|Any CPU
		{2E47C5B5-2655-48F1-9024-ACC3D2A2FFD0}.Release|Any CPU.ActiveCfg = Release|Any CPU
		{2E47C5B5-2655-48F1-9024-ACC3D2A2FFD0}.Release|Any CPU.Build.0 = Release|Any CPU
	EndGlobalSection
	GlobalSection(SolutionProperties) = preSolution
		HideSolutionNode = FALSE
	EndGlobalSection
	GlobalSection(ExtensibilityGlobals) = postSolution
		SolutionGuid = {24E44288-1413-46AB-AEB8-8058297536B9}
	EndGlobalSection
EndGlobal
